
Microsoft Visual Studio Solution File, Format Version 12.00
# Visual Studio 15
Project("{FAE04EC0-301F-11D3-BF4B-00C04F79EFBC}") = "Unity.Postprocessing.Runtime", "Unity.Postprocessing.Runtime.csproj", "{4E95847E-DE30-E966-5510-E4DC5783729A}"
EndProject
Project("{FAE04EC0-301F-11D3-BF4B-00C04F79EFBC}") = "Assembly-CSharp", "Assembly-CSharp.csproj", "{D6CCC4CE-7BF4-7A7E-2816-CC7153F683AA}"
EndProject
Project("{FAE04EC0-301F-11D3-BF4B-00C04F79EFBC}") = "Unity.Postprocessing.Editor", "Unity.Postprocessing.Editor.csproj", "{9DCDDBD2-DF7F-90C8-CF2D-F7DFB81D6CF7}"
EndProject
Global
	GlobalSection(SolutionConfigurationPlatforms) = preSolution
		Debug|Any CPU = Debug|Any CPU
		Release|Any CPU = Release|Any CPU
	EndGlobalSection
	GlobalSection(ProjectConfigurationPlatforms) = postSolution
		{4E95847E-DE30-E966-5510-E4DC5783729A}.Debug|Any CPU.ActiveCfg = Debug|Any CPU
		{4E95847E-DE30-E966-5510-E4DC5783729A}.Debug|Any CPU.Build.0 = Debug|Any CPU
		{4E95847E-DE30-E966-5510-E4DC5783729A}.Release|Any CPU.ActiveCfg = Release|Any CPU
		{4E95847E-DE30-E966-5510-E4DC5783729A}.Release|Any CPU.Build.0 = Release|Any CPU
		{D6CCC4CE-7BF4-7A7E-2816-CC7153F683AA}.Debug|Any CPU.ActiveCfg = Debug|Any CPU
		{D6CCC4CE-7BF4-7A7E-2816-CC7153F683AA}.Debug|Any CPU.Build.0 = Debug|Any CPU
		{D6CCC4CE-7BF4-7A7E-2816-CC7153F683AA}.Release|Any CPU.ActiveCfg = Release|Any CPU
		{D6CCC4CE-7BF4-7A7E-2816-CC7153F683AA}.Release|Any CPU.Build.0 = Release|Any CPU
		{9DCDDBD2-DF7F-90C8-CF2D-F7DFB81D6CF7}.Debug|Any CPU.ActiveCfg = Debug|Any CPU
		{9DCDDBD2-DF7F-90C8-CF2D-F7DFB81D6CF7}.Debug|Any CPU.Build.0 = Debug|Any CPU
		{9DCDDBD2-DF7F-90C8-CF2D-F7DFB81D6CF7}.Release|Any CPU.ActiveCfg = Release|Any CPU
		{9DCDDBD2-DF7F-90C8-CF2D-F7DFB81D6CF7}.Release|Any CPU.Build.0 = Release|Any CPU
	EndGlobalSection
	GlobalSection(SolutionProperties) = preSolution
		HideSolutionNode = FALSE
	EndGlobalSection
EndGlobal
